
Microsoft Visual Studio Solution File, Format Version 12.00
Project("{FAE04EC0-301F-11D3-BF4B-00C04F79EFBC}") = "Publish", "Publish\Publish.csproj", "{C3816D46-1884-4D72-91A3-3D462ECD66BF}"
EndProject
Project("{FAE04EC0-301F-11D3-BF4B-00C04F79EFBC}") = "Subscribe", "Subscribe\Subscribe.csproj", "{B2125838-B626-4BD5-BA50-B42A00E5C263}"
EndProject
Global
	GlobalSection(SolutionConfigurationPlatforms) = preSolution
		Debug|Any CPU = Debug|Any CPU
		Release|Any CPU = Release|Any CPU
	EndGlobalSection
	GlobalSection(ProjectConfigurationPlatforms) = postSolution
		{C3816D46-1884-4D72-91A3-3D462ECD66BF}.Debug|Any CPU.ActiveCfg = Debug|Any CPU
		{C3816D46-1884-4D72-91A3-3D462ECD66BF}.Debug|Any CPU.Build.0 = Debug|Any CPU
		{C3816D46-1884-4D72-91A3-3D462ECD66BF}.Release|Any CPU.ActiveCfg = Release|Any CPU
		{C3816D46-1884-4D72-91A3-3D462ECD66BF}.Release|Any CPU.Build.0 = Release|Any CPU
		{B2125838-B626-4BD5-BA50-B42A00E5C263}.Debug|Any CPU.ActiveCfg = Debug|Any CPU
		{B2125838-B626-4BD5-BA50-B42A00E5C263}.Debug|Any CPU.Build.0 = Debug|Any CPU
		{B2125838-B626-4BD5-BA50-B42A00E5C263}.Release|Any CPU.ActiveCfg = Release|Any CPU
		{B2125838-B626-4BD5-BA50-B42A00E5C263}.Release|Any CPU.Build.0 = Release|Any CPU
	EndGlobalSection
EndGlobal
